
Microsoft Visual Studio Solution File, Format Version 12.00
# Visual Studio Version 17
VisualStudioVersion = 17.13.35818.85 d17.13
MinimumVisualStudioVersion = 10.0.40219.1
Project("{FAE04EC0-301F-11D3-BF4B-00C04F79EFBC}") = "Abstract Class", "Abstract Class\Abstract Class.csproj", "{A30E201C-46EF-4FFA-8443-FB5870B9EEFC}"
EndProject
Global
	GlobalSection(SolutionConfigurationPlatforms) = preSolution
		Debug|Any CPU = Debug|Any CPU
		Release|Any CPU = Release|Any CPU
	EndGlobalSection
	GlobalSection(ProjectConfigurationPlatforms) = postSolution
		{A30E201C-46EF-4FFA-8443-FB5870B9EEFC}.Debug|Any CPU.ActiveCfg = Debug|Any CPU
		{A30E201C-46EF-4FFA-8443-FB5870B9EEFC}.Debug|Any CPU.Build.0 = Debug|Any CPU
		{A30E201C-46EF-4FFA-8443-FB5870B9EEFC}.Release|Any CPU.ActiveCfg = Release|Any CPU
		{A30E201C-46EF-4FFA-8443-FB5870B9EEFC}.Release|Any CPU.Build.0 = Release|Any CPU
	EndGlobalSection
	GlobalSection(SolutionProperties) = preSolution
		HideSolutionNode = FALSE
	EndGlobalSection
	GlobalSection(ExtensibilityGlobals) = postSolution
		SolutionGuid = {A01B688C-D5DD-4CB4-9BA1-80A9A50B0450}
	EndGlobalSection
EndGlobal
